
Microsoft Visual Studio Solution File, Format Version 12.00
# Visual Studio Version 17
VisualStudioVersion = 17.4.33122.133
MinimumVisualStudioVersion = 10.0.40219.1
Project("{FAE04EC0-301F-11D3-BF4B-00C04F79EFBC}") = "VigenereSifrelemeNet", "VigenereSifrelemeNet\VigenereSifrelemeNet.csproj", "{737665E9-23A4-4531-A1E7-4B1E150BFEA0}"
EndProject
Global
	GlobalSection(SolutionConfigurationPlatforms) = preSolution
		Debug|Any CPU = Debug|Any CPU
		Release|Any CPU = Release|Any CPU
	EndGlobalSection
	GlobalSection(ProjectConfigurationPlatforms) = postSolution
		{737665E9-23A4-4531-A1E7-4B1E150BFEA0}.Debug|Any CPU.ActiveCfg = Debug|Any CPU
		{737665E9-23A4-4531-A1E7-4B1E150BFEA0}.Debug|Any CPU.Build.0 = Debug|Any CPU
		{737665E9-23A4-4531-A1E7-4B1E150BFEA0}.Release|Any CPU.ActiveCfg = Release|Any CPU
		{737665E9-23A4-4531-A1E7-4B1E150BFEA0}.Release|Any CPU.Build.0 = Release|Any CPU
	EndGlobalSection
	GlobalSection(SolutionProperties) = preSolution
		HideSolutionNode = FALSE
	EndGlobalSection
	GlobalSection(ExtensibilityGlobals) = postSolution
		SolutionGuid = {F7AD5247-4A20-42CB-B466-9B1DC53D5DB3}
	EndGlobalSection
EndGlobal
